// !$*UTF8*$!
{
	archiveVersion = 1;
	classes = {
	};
	objectVersion = 50;
	objects = {

/* Begin PBXBuildFile section */
		3B47692B223E8C1300FB4D97 /* PromiseKit.framework in Frameworks */ = {isa = PBXBuildFile; fileRef = 3B47692A223E8C1300FB4D97 /* PromiseKit.framework */; };
		3B47692C223E8C1300FB4D97 /* PromiseKit.framework in Embed Frameworks */ = {isa = PBXBuildFile; fileRef = 3B47692A223E8C1300FB4D97 /* PromiseKit.framework */; settings = {ATTRIBUTES = (CodeSignOnCopy, RemoveHeadersOnCopy, ); }; };
		3BF34B56223813420052EE5A /* AppDelegate.swift in Sources */ = {isa = PBXBuildFile; fileRef = 3BF34B55223813420052EE5A /* AppDelegate.swift */; };
		3BF34B58223813420052EE5A /* ViewController.swift in Sources */ = {isa = PBXBuildFile; fileRef = 3BF34B57223813420052EE5A /* ViewController.swift */; };
		3BF34B5A223813430052EE5A /* Assets.xcassets in Resources */ = {isa = PBXBuildFile; fileRef = 3BF34B59223813430052EE5A /* Assets.xcassets */; };
		3BF34B5D223813430052EE5A /* Main.storyboard in Resources */ = {isa = PBXBuildFile; fileRef = 3BF34B5B223813430052EE5A /* Main.storyboard */; };
		3BF34B6622382EAD0052EE5A /* Script.swift in Sources */ = {isa = PBXBuildFile; fileRef = 3BF34B6522382EAD0052EE5A /* Script.swift */; };
		3BF34B6822382F1F0052EE5A /* ScriptResult.swift in Sources */ = {isa = PBXBuildFile; fileRef = 3BF34B6722382F1F0052EE5A /* ScriptResult.swift */; };
		3BF34B6A22383B9F0052EE5A /* IntegerValueFormatter.swift in Sources */ = {isa = PBXBuildFile; fileRef = 3BF34B6922383B9F0052EE5A /* IntegerValueFormatter.swift */; };
		3BF34B6C223ACBF40052EE5A /* ConnectionChecker.swift in Sources */ = {isa = PBXBuildFile; fileRef = 3BF34B6B223ACBF40052EE5A /* ConnectionChecker.swift */; };
		3BF34B6E223C0E990052EE5A /* Logger.swift in Sources */ = {isa = PBXBuildFile; fileRef = 3BF34B6D223C0E990052EE5A /* Logger.swift */; };
		3BF34B70223C2AC20052EE5A /* AppRestarter.swift in Sources */ = {isa = PBXBuildFile; fileRef = 3BF34B6F223C2AC20052EE5A /* AppRestarter.swift */; };
/* End PBXBuildFile section */

/* Begin PBXCopyFilesBuildPhase section */
		3B47692D223E8C1300FB4D97 /* Embed Frameworks */ = {
			isa = PBXCopyFilesBuildPhase;
			buildActionMask = 2147483647;
			dstPath = "";
			dstSubfolderSpec = 10;
			files = (
				3B47692C223E8C1300FB4D97 /* PromiseKit.framework in Embed Frameworks */,
			);
			name = "Embed Frameworks";
			runOnlyForDeploymentPostprocessing = 0;
		};
/* End PBXCopyFilesBuildPhase section */

/* Begin PBXFileReference section */
		3B47692A223E8C1300FB4D97 /* PromiseKit.framework */ = {isa = PBXFileReference; lastKnownFileType = wrapper.framework; name = PromiseKit.framework; path = Carthage/Build/Mac/PromiseKit.framework; sourceTree = "<group>"; };
		3BF34B52223813420052EE5A /* AppKicker.app */ = {isa = PBXFileReference; explicitFileType = wrapper.application; includeInIndex = 0; path = AppKicker.app; sourceTree = BUILT_PRODUCTS_DIR; };
		3BF34B55223813420052EE5A /* AppDelegate.swift */ = {isa = PBXFileReference; lastKnownFileType = sourcecode.swift; path = AppDelegate.swift; sourceTree = "<group>"; };
		3BF34B57223813420052EE5A /* ViewController.swift */ = {isa = PBXFileReference; lastKnownFileType = sourcecode.swift; path = ViewController.swift; sourceTree = "<group>"; };
		3BF34B59223813430052EE5A /* Assets.xcassets */ = {isa = PBXFileReference; lastKnownFileType = folder.assetcatalog; path = Assets.xcassets; sourceTree = "<group>"; };
		3BF34B5C223813430052EE5A /* Base */ = {isa = PBXFileReference; lastKnownFileType = file.storyboard; name = Base; path = Base.lproj/Main.storyboard; sourceTree = "<group>"; };
		3BF34B5E223813430052EE5A /* Info.plist */ = {isa = PBXFileReference; lastKnownFileType = text.plist.xml; path = Info.plist; sourceTree = "<group>"; };
		3BF34B5F223813430052EE5A /* AppKicker.entitlements */ = {isa = PBXFileReference; lastKnownFileType = text.plist.entitlements; path = AppKicker.entitlements; sourceTree = "<group>"; };
		3BF34B6522382EAD0052EE5A /* Script.swift */ = {isa = PBXFileReference; lastKnownFileType = sourcecode.swift; path = Script.swift; sourceTree = "<group>"; };
		3BF34B6722382F1F0052EE5A /* ScriptResult.swift */ = {isa = PBXFileReference; lastKnownFileType = sourcecode.swift; path = ScriptResult.swift; sourceTree = "<group>"; };
		3BF34B6922383B9F0052EE5A /* IntegerValueFormatter.swift */ = {isa = PBXFileReference; lastKnownFileType = sourcecode.swift; path = IntegerValueFormatter.swift; sourceTree = "<group>"; };
		3BF34B6B223ACBF40052EE5A /* ConnectionChecker.swift */ = {isa = PBXFileReference; lastKnownFileType = sourcecode.swift; path = ConnectionChecker.swift; sourceTree = "<group>"; };
		3BF34B6D223C0E990052EE5A /* Logger.swift */ = {isa = PBXFileReference; lastKnownFileType = sourcecode.swift; path = Logger.swift; sourceTree = "<group>"; };
		3BF34B6F223C2AC20052EE5A /* AppRestarter.swift */ = {isa = PBXFileReference; lastKnownFileType = sourcecode.swift; path = AppRestarter.swift; sourceTree = "<group>"; };
/* End PBXFileReference section */

/* Begin PBXFrameworksBuildPhase section */
		3BF34B4F223813420052EE5A /* Frameworks */ = {
			isa = PBXFrameworksBuildPhase;
			buildActionMask = 2147483647;
			files = (
				3B47692B223E8C1300FB4D97 /* PromiseKit.framework in Frameworks */,
			);
			runOnlyForDeploymentPostprocessing = 0;
		};
/* End PBXFrameworksBuildPhase section */

/* Begin PBXGroup section */
		3B476912223C460000FB4D97 /* Frameworks */ = {
			isa = PBXGroup;
			children = (
			);
			name = Frameworks;
			sourceTree = "<group>";
		};
		3BF34B49223813420052EE5A = {
			isa = PBXGroup;
			children = (
				3B47692A223E8C1300FB4D97 /* PromiseKit.framework */,
				3BF34B54223813420052EE5A /* AppKicker */,
				3BF34B53223813420052EE5A /* Products */,
				3B476912223C460000FB4D97 /* Frameworks */,
			);
			sourceTree = "<group>";
		};
		3BF34B53223813420052EE5A /* Products */ = {
			isa = PBXGroup;
			children = (
				3BF34B52223813420052EE5A /* AppKicker.app */,
			);
			name = Products;
			sourceTree = "<group>";
		};
		3BF34B54223813420052EE5A /* AppKicker */ = {
			isa = PBXGroup;
			children = (
				3BF34B76223C32FA0052EE5A /* Logger */,
				3BF34B74223C32460052EE5A /* App */,
				3BF34B75223C32A10052EE5A /* Control */,
				3BF34B73223C322E0052EE5A /* Formatter */,
				3BF34B72223C32220052EE5A /* Conditions */,
				3BF34B71223C32030052EE5A /* View */,
				3BF34B59223813430052EE5A /* Assets.xcassets */,
				3BF34B5E223813430052EE5A /* Info.plist */,
				3BF34B5F223813430052EE5A /* AppKicker.entitlements */,
			);
			path = AppKicker;
			sourceTree = "<group>";
		};
		3BF34B71223C32030052EE5A /* View */ = {
			isa = PBXGroup;
			children = (
				3BF34B5B223813430052EE5A /* Main.storyboard */,
				3BF34B57223813420052EE5A /* ViewController.swift */,
			);
			path = View;
			sourceTree = "<group>";
		};
		3BF34B72223C32220052EE5A /* Conditions */ = {
			isa = PBXGroup;
			children = (
				3BF34B6B223ACBF40052EE5A /* ConnectionChecker.swift */,
				3BF34B6522382EAD0052EE5A /* Script.swift */,
				3BF34B6722382F1F0052EE5A /* ScriptResult.swift */,
			);
			path = Conditions;
			sourceTree = "<group>";
		};
		3BF34B73223C322E0052EE5A /* Formatter */ = {
			isa = PBXGroup;
			children = (
				3BF34B6922383B9F0052EE5A /* IntegerValueFormatter.swift */,
			);
			path = Formatter;
			sourceTree = "<group>";
		};
		3BF34B74223C32460052EE5A /* App */ = {
			isa = PBXGroup;
			children = (
				3BF34B55223813420052EE5A /* AppDelegate.swift */,
			);
			path = App;
			sourceTree = "<group>";
		};
		3BF34B75223C32A10052EE5A /* Control */ = {
			isa = PBXGroup;
			children = (
				3BF34B6F223C2AC20052EE5A /* AppRestarter.swift */,
			);
			path = Control;
			sourceTree = "<group>";
		};
		3BF34B76223C32FA0052EE5A /* Logger */ = {
			isa = PBXGroup;
			children = (
				3BF34B6D223C0E990052EE5A /* Logger.swift */,
			);
			path = Logger;
			sourceTree = "<group>";
		};
/* End PBXGroup section */

/* Begin PBXNativeTarget section */
		3BF34B51223813420052EE5A /* AppKicker */ = {
			isa = PBXNativeTarget;
			buildConfigurationList = 3BF34B62223813430052EE5A /* Build configuration list for PBXNativeTarget "AppKicker" */;
			buildPhases = (
				3BF34B4E223813420052EE5A /* Sources */,
				3BF34B4F223813420052EE5A /* Frameworks */,
				3BF34B50223813420052EE5A /* Resources */,
				3B47692D223E8C1300FB4D97 /* Embed Frameworks */,
			);
			buildRules = (
			);
			dependencies = (
			);
			name = AppKicker;
			productName = AppKicker;
			productReference = 3BF34B52223813420052EE5A /* AppKicker.app */;
			productType = "com.apple.product-type.application";
		};
/* End PBXNativeTarget section */

/* Begin PBXProject section */
		3BF34B4A223813420052EE5A /* Project object */ = {
			isa = PBXProject;
			attributes = {
				LastSwiftUpdateCheck = 1010;
				LastUpgradeCheck = 1010;
				ORGANIZATIONNAME = "Stefan Engel";
				TargetAttributes = {
					3BF34B51223813420052EE5A = {
						CreatedOnToolsVersion = 10.1;
						SystemCapabilities = {
							com.apple.Sandbox = {
								enabled = 0;
							};
						};
					};
				};
			};
			buildConfigurationList = 3BF34B4D223813420052EE5A /* Build configuration list for PBXProject "AppKicker" */;
			compatibilityVersion = "Xcode 9.3";
			developmentRegion = en;
			hasScannedForEncodings = 0;
			knownRegions = (
				en,
				Base,
			);
			mainGroup = 3BF34B49223813420052EE5A;
			productRefGroup = 3BF34B53223813420052EE5A /* Products */;
			projectDirPath = "";
			projectRoot = "";
			targets = (
				3BF34B51223813420052EE5A /* AppKicker */,
			);
		};
/* End PBXProject section */

/* Begin PBXResourcesBuildPhase section */
		3BF34B50223813420052EE5A /* Resources */ = {
			isa = PBXResourcesBuildPhase;
			buildActionMask = 2147483647;
			files = (
				3BF34B5A223813430052EE5A /* Assets.xcassets in Resources */,
				3BF34B5D223813430052EE5A /* Main.storyboard in Resources */,
			);
			runOnlyForDeploymentPostprocessing = 0;
		};
/* End PBXResourcesBuildPhase section */

/* Begin PBXSourcesBuildPhase section */
		3BF34B4E223813420052EE5A /* Sources */ = {
			isa = PBXSourcesBuildPhase;
			buildActionMask = 2147483647;
			files = (
				3BF34B58223813420052EE5A /* ViewController.swift in Sources */,
				3BF34B6A22383B9F0052EE5A /* IntegerValueFormatter.swift in Sources */,
				3BF34B70223C2AC20052EE5A /* AppRestarter.swift in Sources */,
				3BF34B6822382F1F0052EE5A /* ScriptResult.swift in Sources */,
				3BF34B6C223ACBF40052EE5A /* ConnectionChecker.swift in Sources */,
				3BF34B6E223C0E990052EE5A /* Logger.swift in Sources */,
				3BF34B6622382EAD0052EE5A /* Script.swift in Sources */,
				3BF34B56223813420052EE5A /* AppDelegate.swift in Sources */,
			);
			runOnlyForDeploymentPostprocessing = 0;
		};
/* End PBXSourcesBuildPhase section */

/* Begin PBXVariantGroup section */
		3BF34B5B223813430052EE5A /* Main.storyboard */ = {
			isa = PBXVariantGroup;
			children = (
				3BF34B5C223813430052EE5A /* Base */,
			);
			name = Main.storyboard;
			sourceTree = "<group>";
		};
/* End PBXVariantGroup section */

/* Begin XCBuildConfiguration section */
		3BF34B60223813430052EE5A /* Debug */ = {
			isa = XCBuildConfiguration;
			buildSettings = {
				ALWAYS_SEARCH_USER_PATHS = NO;
				CLANG_ANALYZER_NONNULL = YES;
				CLANG_ANALYZER_NUMBER_OBJECT_CONVERSION = YES_AGGRESSIVE;
				CLANG_CXX_LANGUAGE_STANDARD = "gnu++14";
				CLANG_CXX_LIBRARY = "libc++";
				CLANG_ENABLE_MODULES = YES;
				CLANG_ENABLE_OBJC_ARC = YES;
				CLANG_ENABLE_OBJC_WEAK = YES;
				CLANG_WARN_BLOCK_CAPTURE_AUTORELEASING = YES;
				CLANG_WARN_BOOL_CONVERSION = YES;
				CLANG_WARN_COMMA = YES;
				CLANG_WARN_CONSTANT_CONVERSION = YES;
				CLANG_WARN_DEPRECATED_OBJC_IMPLEMENTATIONS = YES;
				CLANG_WARN_DIRECT_OBJC_ISA_USAGE = YES_ERROR;
				CLANG_WARN_DOCUMENTATION_COMMENTS = YES;
				CLANG_WARN_EMPTY_BODY = YES;
				CLANG_WARN_ENUM_CONVERSION = YES;
				CLANG_WARN_INFINITE_RECURSION = YES;
				CLANG_WARN_INT_CONVERSION = YES;
				CLANG_WARN_NON_LITERAL_NULL_CONVERSION = YES;
				CLANG_WARN_OBJC_IMPLICIT_RETAIN_SELF = YES;
				CLANG_WARN_OBJC_LITERAL_CONVERSION = YES;
				CLANG_WARN_OBJC_ROOT_CLASS = YES_ERROR;
				CLANG_WARN_RANGE_LOOP_ANALYSIS = YES;
				CLANG_WARN_STRICT_PROTOTYPES = YES;
				CLANG_WARN_SUSPICIOUS_MOVE = YES;
				CLANG_WARN_UNGUARDED_AVAILABILITY = YES_AGGRESSIVE;
				CLANG_WARN_UNREACHABLE_CODE = YES;
				CLANG_WARN__DUPLICATE_METHOD_MATCH = YES;
				CODE_SIGN_IDENTITY = "Mac Developer";
				COPY_PHASE_STRIP = NO;
				DEBUG_INFORMATION_FORMAT = dwarf;
				ENABLE_STRICT_OBJC_MSGSEND = YES;
				ENABLE_TESTABILITY = YES;
				FRAMEWORK_SEARCH_PATHS = "";
				GCC_C_LANGUAGE_STANDARD = gnu11;
				GCC_DYNAMIC_NO_PIC = NO;
				GCC_NO_COMMON_BLOCKS = YES;
				GCC_OPTIMIZATION_LEVEL = 0;
				GCC_PREPROCESSOR_DEFINITIONS = (
					"DEBUG=1",
					"$(inherited)",
				);
				GCC_WARN_64_TO_32_BIT_CONVERSION = YES;
				GCC_WARN_ABOUT_RETURN_TYPE = YES_ERROR;
				GCC_WARN_UNDECLARED_SELECTOR = YES;
				GCC_WARN_UNINITIALIZED_AUTOS = YES_AGGRESSIVE;
				GCC_WARN_UNUSED_FUNCTION = YES;
				GCC_WARN_UNUSED_VARIABLE = YES;
				MACOSX_DEPLOYMENT_TARGET = 10.14;
				MTL_ENABLE_DEBUG_INFO = INCLUDE_SOURCE;
				MTL_FAST_MATH = YES;
				ONLY_ACTIVE_ARCH = YES;
				SDKROOT = macosx;
				SWIFT_ACTIVE_COMPILATION_CONDITIONS = DEBUG;
				SWIFT_OPTIMIZATION_LEVEL = "-Onone";
			};
			name = Debug;
		};
		3BF34B61223813430052EE5A /* Release */ = {
			isa = XCBuildConfiguration;
			buildSettings = {
				ALWAYS_SEARCH_USER_PATHS = NO;
				CLANG_ANALYZER_NONNULL = YES;
				CLANG_ANALYZER_NUMBER_OBJECT_CONVERSION = YES_AGGRESSIVE;
				CLANG_CXX_LANGUAGE_STANDARD = "gnu++14";
				CLANG_CXX_LIBRARY = "libc++";
				CLANG_ENABLE_MODULES = YES;
				CLANG_ENABLE_OBJC_ARC = YES;
				CLANG_ENABLE_OBJC_WEAK = YES;
				CLANG_WARN_BLOCK_CAPTURE_AUTORELEASING = YES;
				CLANG_WARN_BOOL_CONVERSION = YES;
				CLANG_WARN_COMMA = YES;
				CLANG_WARN_CONSTANT_CONVERSION = YES;
				CLANG_WARN_DEPRECATED_OBJC_IMPLEMENTATIONS = YES;
				CLANG_WARN_DIRECT_OBJC_ISA_USAGE = YES_ERROR;
				CLANG_WARN_DOCUMENTATION_COMMENTS = YES;
				CLANG_WARN_EMPTY_BODY = YES;
				CLANG_WARN_ENUM_CONVERSION = YES;
				CLANG_WARN_INFINITE_RECURSION = YES;
				CLANG_WARN_INT_CONVERSION = YES;
				CLANG_WARN_NON_LITERAL_NULL_CONVERSION = YES;
				CLANG_WARN_OBJC_IMPLICIT_RETAIN_SELF = YES;
				CLANG_WARN_OBJC_LITERAL_CONVERSION = YES;
				CLANG_WARN_OBJC_ROOT_CLASS = YES_ERROR;
				CLANG_WARN_RANGE_LOOP_ANALYSIS = YES;
				CLANG_WARN_STRICT_PROTOTYPES = YES;
				CLANG_WARN_SUSPICIOUS_MOVE = YES;
				CLANG_WARN_UNGUARDED_AVAILABILITY = YES_AGGRESSIVE;
				CLANG_WARN_UNREACHABLE_CODE = YES;
				CLANG_WARN__DUPLICATE_METHOD_MATCH = YES;
				CODE_SIGN_IDENTITY = "Mac Developer";
				COPY_PHASE_STRIP = NO;
				DEBUG_INFORMATION_FORMAT = "dwarf-with-dsym";
				ENABLE_NS_ASSERTIONS = NO;
				ENABLE_STRICT_OBJC_MSGSEND = YES;
				FRAMEWORK_SEARCH_PATHS = "";
				GCC_C_LANGUAGE_STANDARD = gnu11;
				GCC_NO_COMMON_BLOCKS = YES;
				GCC_WARN_64_TO_32_BIT_CONVERSION = YES;
				GCC_WARN_ABOUT_RETURN_TYPE = YES_ERROR;
				GCC_WARN_UNDECLARED_SELECTOR = YES;
				GCC_WARN_UNINITIALIZED_AUTOS = YES_AGGRESSIVE;
				GCC_WARN_UNUSED_FUNCTION = YES;
				GCC_WARN_UNUSED_VARIABLE = YES;
				MACOSX_DEPLOYMENT_TARGET = 10.14;
				MTL_ENABLE_DEBUG_INFO = NO;
				MTL_FAST_MATH = YES;
				SDKROOT = macosx;
				SWIFT_COMPILATION_MODE = wholemodule;
				SWIFT_OPTIMIZATION_LEVEL = "-O";
			};
			name = Release;
		};
		3BF34B63223813430052EE5A /* Debug */ = {
			isa = XCBuildConfiguration;
			buildSettings = {
				ASSETCATALOG_COMPILER_APPICON_NAME = AppIcon;
				CODE_SIGN_STYLE = Automatic;
				COMBINE_HIDPI_IMAGES = YES;
				DEVELOPMENT_TEAM = XVBT48DGY3;
				FRAMEWORK_SEARCH_PATHS = (
					"$(inherited)",
					"$(PROJECT_DIR)/Carthage/Build/Mac",
				);
				INFOPLIST_FILE = AppKicker/Info.plist;
				LD_RUNPATH_SEARCH_PATHS = (
					"$(inherited)",
					"@executable_path/../Frameworks",
				);
				PRODUCT_BUNDLE_IDENTIFIER = biz.stefanengel.AppKicker;
				PRODUCT_NAME = "$(TARGET_NAME)";
				SWIFT_VERSION = 4.2;
			};
			name = Debug;
		};
		3BF34B64223813430052EE5A /* Release */ = {
			isa = XCBuildConfiguration;
			buildSettings = {
				ASSETCATALOG_COMPILER_APPICON_NAME = AppIcon;
				CODE_SIGN_STYLE = Automatic;
				COMBINE_HIDPI_IMAGES = YES;
				DEVELOPMENT_TEAM = XVBT48DGY3;
				FRAMEWORK_SEARCH_PATHS = (
					"$(inherited)",
					"$(PROJECT_DIR)/Carthage/Build/Mac",
				);
				INFOPLIST_FILE = AppKicker/Info.plist;
				LD_RUNPATH_SEARCH_PATHS = (
					"$(inherited)",
					"@executable_path/../Frameworks",
				);
				PRODUCT_BUNDLE_IDENTIFIER = biz.stefanengel.AppKicker;
				PRODUCT_NAME = "$(TARGET_NAME)";
				SWIFT_VERSION = 4.2;
			};
			name = Release;
		};
/* End XCBuildConfiguration section */

/* Begin XCConfigurationList section */
		3BF34B4D223813420052EE5A /* Build configuration list for PBXProject "AppKicker" */ = {
			isa = XCConfigurationList;
			buildConfigurations = (
				3BF34B60223813430052EE5A /* Debug */,
				3BF34B61223813430052EE5A /* Release */,
			);
			defaultConfigurationIsVisible = 0;
			defaultConfigurationName = Release;
		};
		3BF34B62223813430052EE5A /* Build configuration list for PBXNativeTarget "AppKicker" */ = {
			isa = XCConfigurationList;
			buildConfigurations = (
				3BF34B63223813430052EE5A /* Debug */,
				3BF34B64223813430052EE5A /* Release */,
			);
			defaultConfigurationIsVisible = 0;
			defaultConfigurationName = Release;
		};
/* End XCConfigurationList section */
	};
	rootObject = 3BF34B4A223813420052EE5A /* Project object */;
}
